
Microsoft Visual Studio Solution File, Format Version 12.00
# Visual Studio 2013
VisualStudioVersion = 12.0.30501.0
MinimumVisualStudioVersion = 10.0.40219.1
Project("{FAE04EC0-301F-11D3-BF4B-00C04F79EFBC}") = "BrightMaster", "BrightMaster.csproj", "{A2CC28B3-FBAA-47B6-BEAE-227D53F1D2C9}"
EndProject
Project("{8BC9CEB8-8B4A-11D0-8D11-00A0C91BC942}") = "EngineDll", "..\EngineDll\EngineDll.vcxproj", "{9F46951F-D766-4801-9AED-44DC5F017EB9}"
EndProject
Project("{FAE04EC0-301F-11D3-BF4B-00C04F79EFBC}") = "TestListView", "..\TestListView\TestListView.csproj", "{CC7805B5-BF61-43CB-B073-2BDA192618EC}"
EndProject
Project("{FAE04EC0-301F-11D3-BF4B-00C04F79EFBC}") = "TestPowerMeter", "..\TestPowerMeter\TestPowerMeter.csproj", "{6312F249-5B73-41FC-A5E7-DD7EF9EFBA4A}"
EndProject
Project("{FAE04EC0-301F-11D3-BF4B-00C04F79EFBC}") = "TestHistoryResult", "..\TestHistoryResult\TestHistoryResult.csproj", "{57E02D1B-7665-43CC-BA25-71896750FC29}"
EndProject
Global
	GlobalSection(SolutionConfigurationPlatforms) = preSolution
		Debug|Any CPU = Debug|Any CPU
		Debug|Mixed Platforms = Debug|Mixed Platforms
		Debug|Win32 = Debug|Win32
		Debug|x64 = Debug|x64
		Release|Any CPU = Release|Any CPU
		Release|Mixed Platforms = Release|Mixed Platforms
		Release|Win32 = Release|Win32
		Release|x64 = Release|x64
	EndGlobalSection
	GlobalSection(ProjectConfigurationPlatforms) = postSolution
		{A2CC28B3-FBAA-47B6-BEAE-227D53F1D2C9}.Debug|Any CPU.ActiveCfg = Debug|Any CPU
		{A2CC28B3-FBAA-47B6-BEAE-227D53F1D2C9}.Debug|Any CPU.Build.0 = Debug|Any CPU
		{A2CC28B3-FBAA-47B6-BEAE-227D53F1D2C9}.Debug|Mixed Platforms.ActiveCfg = Debug|Any CPU
		{A2CC28B3-FBAA-47B6-BEAE-227D53F1D2C9}.Debug|Mixed Platforms.Build.0 = Debug|Any CPU
		{A2CC28B3-FBAA-47B6-BEAE-227D53F1D2C9}.Debug|Win32.ActiveCfg = Debug|Any CPU
		{A2CC28B3-FBAA-47B6-BEAE-227D53F1D2C9}.Debug|x64.ActiveCfg = Debug|Any CPU
		{A2CC28B3-FBAA-47B6-BEAE-227D53F1D2C9}.Release|Any CPU.ActiveCfg = Release|Any CPU
		{A2CC28B3-FBAA-47B6-BEAE-227D53F1D2C9}.Release|Any CPU.Build.0 = Release|Any CPU
		{A2CC28B3-FBAA-47B6-BEAE-227D53F1D2C9}.Release|Mixed Platforms.ActiveCfg = Release|Any CPU
		{A2CC28B3-FBAA-47B6-BEAE-227D53F1D2C9}.Release|Mixed Platforms.Build.0 = Release|Any CPU
		{A2CC28B3-FBAA-47B6-BEAE-227D53F1D2C9}.Release|Win32.ActiveCfg = Release|Any CPU
		{A2CC28B3-FBAA-47B6-BEAE-227D53F1D2C9}.Release|x64.ActiveCfg = Release|Any CPU
		{9F46951F-D766-4801-9AED-44DC5F017EB9}.Debug|Any CPU.ActiveCfg = Debug|Win32
		{9F46951F-D766-4801-9AED-44DC5F017EB9}.Debug|Mixed Platforms.ActiveCfg = Debug|Win32
		{9F46951F-D766-4801-9AED-44DC5F017EB9}.Debug|Mixed Platforms.Build.0 = Debug|Win32
		{9F46951F-D766-4801-9AED-44DC5F017EB9}.Debug|Win32.ActiveCfg = Debug|Win32
		{9F46951F-D766-4801-9AED-44DC5F017EB9}.Debug|Win32.Build.0 = Debug|Win32
		{9F46951F-D766-4801-9AED-44DC5F017EB9}.Debug|x64.ActiveCfg = Debug|x64
		{9F46951F-D766-4801-9AED-44DC5F017EB9}.Debug|x64.Build.0 = Debug|x64
		{9F46951F-D766-4801-9AED-44DC5F017EB9}.Release|Any CPU.ActiveCfg = Release|Win32
		{9F46951F-D766-4801-9AED-44DC5F017EB9}.Release|Mixed Platforms.ActiveCfg = Release|Win32
		{9F46951F-D766-4801-9AED-44DC5F017EB9}.Release|Mixed Platforms.Build.0 = Release|Win32
		{9F46951F-D766-4801-9AED-44DC5F017EB9}.Release|Win32.ActiveCfg = Release|Win32
		{9F46951F-D766-4801-9AED-44DC5F017EB9}.Release|Win32.Build.0 = Release|Win32
		{9F46951F-D766-4801-9AED-44DC5F017EB9}.Release|x64.ActiveCfg = Release|x64
		{9F46951F-D766-4801-9AED-44DC5F017EB9}.Release|x64.Build.0 = Release|x64
		{CC7805B5-BF61-43CB-B073-2BDA192618EC}.Debug|Any CPU.ActiveCfg = Debug|Any CPU
		{CC7805B5-BF61-43CB-B073-2BDA192618EC}.Debug|Any CPU.Build.0 = Debug|Any CPU
		{CC7805B5-BF61-43CB-B073-2BDA192618EC}.Debug|Mixed Platforms.ActiveCfg = Debug|Any CPU
		{CC7805B5-BF61-43CB-B073-2BDA192618EC}.Debug|Mixed Platforms.Build.0 = Debug|Any CPU
		{CC7805B5-BF61-43CB-B073-2BDA192618EC}.Debug|Win32.ActiveCfg = Debug|Any CPU
		{CC7805B5-BF61-43CB-B073-2BDA192618EC}.Debug|x64.ActiveCfg = Debug|Any CPU
		{CC7805B5-BF61-43CB-B073-2BDA192618EC}.Release|Any CPU.ActiveCfg = Release|Any CPU
		{CC7805B5-BF61-43CB-B073-2BDA192618EC}.Release|Any CPU.Build.0 = Release|Any CPU
		{CC7805B5-BF61-43CB-B073-2BDA192618EC}.Release|Mixed Platforms.ActiveCfg = Release|Any CPU
		{CC7805B5-BF61-43CB-B073-2BDA192618EC}.Release|Mixed Platforms.Build.0 = Release|Any CPU
		{CC7805B5-BF61-43CB-B073-2BDA192618EC}.Release|Win32.ActiveCfg = Release|Any CPU
		{CC7805B5-BF61-43CB-B073-2BDA192618EC}.Release|x64.ActiveCfg = Release|Any CPU
		{6312F249-5B73-41FC-A5E7-DD7EF9EFBA4A}.Debug|Any CPU.ActiveCfg = Debug|Any CPU
		{6312F249-5B73-41FC-A5E7-DD7EF9EFBA4A}.Debug|Any CPU.Build.0 = Debug|Any CPU
		{6312F249-5B73-41FC-A5E7-DD7EF9EFBA4A}.Debug|Mixed Platforms.ActiveCfg = Debug|Any CPU
		{6312F249-5B73-41FC-A5E7-DD7EF9EFBA4A}.Debug|Mixed Platforms.Build.0 = Debug|Any CPU
		{6312F249-5B73-41FC-A5E7-DD7EF9EFBA4A}.Debug|Win32.ActiveCfg = Debug|Any CPU
		{6312F249-5B73-41FC-A5E7-DD7EF9EFBA4A}.Debug|x64.ActiveCfg = Debug|Any CPU
		{6312F249-5B73-41FC-A5E7-DD7EF9EFBA4A}.Release|Any CPU.ActiveCfg = Release|Any CPU
		{6312F249-5B73-41FC-A5E7-DD7EF9EFBA4A}.Release|Any CPU.Build.0 = Release|Any CPU
		{6312F249-5B73-41FC-A5E7-DD7EF9EFBA4A}.Release|Mixed Platforms.ActiveCfg = Release|Any CPU
		{6312F249-5B73-41FC-A5E7-DD7EF9EFBA4A}.Release|Mixed Platforms.Build.0 = Release|Any CPU
		{6312F249-5B73-41FC-A5E7-DD7EF9EFBA4A}.Release|Win32.ActiveCfg = Release|Any CPU
		{6312F249-5B73-41FC-A5E7-DD7EF9EFBA4A}.Release|x64.ActiveCfg = Release|Any CPU
		{57E02D1B-7665-43CC-BA25-71896750FC29}.Debug|Any CPU.ActiveCfg = Debug|Any CPU
		{57E02D1B-7665-43CC-BA25-71896750FC29}.Debug|Any CPU.Build.0 = Debug|Any CPU
		{57E02D1B-7665-43CC-BA25-71896750FC29}.Debug|Mixed Platforms.ActiveCfg = Debug|Any CPU
		{57E02D1B-7665-43CC-BA25-71896750FC29}.Debug|Mixed Platforms.Build.0 = Debug|Any CPU
		{57E02D1B-7665-43CC-BA25-71896750FC29}.Debug|Win32.ActiveCfg = Debug|Any CPU
		{57E02D1B-7665-43CC-BA25-71896750FC29}.Debug|x64.ActiveCfg = Debug|Any CPU
		{57E02D1B-7665-43CC-BA25-71896750FC29}.Release|Any CPU.ActiveCfg = Release|Any CPU
		{57E02D1B-7665-43CC-BA25-71896750FC29}.Release|Any CPU.Build.0 = Release|Any CPU
		{57E02D1B-7665-43CC-BA25-71896750FC29}.Release|Mixed Platforms.ActiveCfg = Release|Any CPU
		{57E02D1B-7665-43CC-BA25-71896750FC29}.Release|Mixed Platforms.Build.0 = Release|Any CPU
		{57E02D1B-7665-43CC-BA25-71896750FC29}.Release|Win32.ActiveCfg = Release|Any CPU
		{57E02D1B-7665-43CC-BA25-71896750FC29}.Release|x64.ActiveCfg = Release|Any CPU
	EndGlobalSection
	GlobalSection(SolutionProperties) = preSolution
		HideSolutionNode = FALSE
	EndGlobalSection
EndGlobal
